
Microsoft Visual Studio Solution File, Format Version 12.00
# Visual Studio Version 17
VisualStudioVersion = 17.8.34316.72
MinimumVisualStudioVersion = 10.0.40219.1
Project("{FAE04EC0-301F-11D3-BF4B-00C04F79EFBC}") = "SocketServerApplication", "SocketServerApplication\SocketServerApplication.csproj", "{A1FFAD90-DE8D-436F-AFFB-D29FCED395BF}"
EndProject
Global
	GlobalSection(SolutionConfigurationPlatforms) = preSolution
		Debug|Any CPU = Debug|Any CPU
		Release|Any CPU = Release|Any CPU
	EndGlobalSection
	GlobalSection(ProjectConfigurationPlatforms) = postSolution
		{A1FFAD90-DE8D-436F-AFFB-D29FCED395BF}.Debug|Any CPU.ActiveCfg = Debug|Any CPU
		{A1FFAD90-DE8D-436F-AFFB-D29FCED395BF}.Debug|Any CPU.Build.0 = Debug|Any CPU
		{A1FFAD90-DE8D-436F-AFFB-D29FCED395BF}.Release|Any CPU.ActiveCfg = Release|Any CPU
		{A1FFAD90-DE8D-436F-AFFB-D29FCED395BF}.Release|Any CPU.Build.0 = Release|Any CPU
	EndGlobalSection
	GlobalSection(SolutionProperties) = preSolution
		HideSolutionNode = FALSE
	EndGlobalSection
	GlobalSection(ExtensibilityGlobals) = postSolution
		SolutionGuid = {0953F8F7-D3A3-4019-B5D8-D677475CE256}
	EndGlobalSection
EndGlobal
