
Microsoft Visual Studio Solution File, Format Version 12.00
# Visual Studio Version 17
VisualStudioVersion = 17.8.34316.72
MinimumVisualStudioVersion = 10.0.40219.1
Project("{FAE04EC0-301F-11D3-BF4B-00C04F79EFBC}") = "SocketClientApplication", "SocketClientApplication\SocketClientApplication.csproj", "{4DCB73F2-7577-4898-BB8F-D7FBAED01118}"
EndProject
Global
	GlobalSection(SolutionConfigurationPlatforms) = preSolution
		Debug|Any CPU = Debug|Any CPU
		Release|Any CPU = Release|Any CPU
	EndGlobalSection
	GlobalSection(ProjectConfigurationPlatforms) = postSolution
		{4DCB73F2-7577-4898-BB8F-D7FBAED01118}.Debug|Any CPU.ActiveCfg = Debug|Any CPU
		{4DCB73F2-7577-4898-BB8F-D7FBAED01118}.Debug|Any CPU.Build.0 = Debug|Any CPU
		{4DCB73F2-7577-4898-BB8F-D7FBAED01118}.Release|Any CPU.ActiveCfg = Release|Any CPU
		{4DCB73F2-7577-4898-BB8F-D7FBAED01118}.Release|Any CPU.Build.0 = Release|Any CPU
	EndGlobalSection
	GlobalSection(SolutionProperties) = preSolution
		HideSolutionNode = FALSE
	EndGlobalSection
	GlobalSection(ExtensibilityGlobals) = postSolution
		SolutionGuid = {E6C683F1-F7CB-4905-89B9-9E313DB59BB5}
	EndGlobalSection
EndGlobal
